
Microsoft Visual Studio Solution File, Format Version 12.00
# Visual Studio 15
VisualStudioVersion = 15.0.27703.2035
MinimumVisualStudioVersion = 10.0.40219.1
Project("{FAE04EC0-301F-11D3-BF4B-00C04F79EFBC}") = "Student_ManagementApp", "Student_ManagementApp\Student_ManagementApp.csproj", "{6913C53F-DA87-4B5A-9FDF-92D6630F4897}"
EndProject
Global
	GlobalSection(SolutionConfigurationPlatforms) = preSolution
		Debug|Any CPU = Debug|Any CPU
		Release|Any CPU = Release|Any CPU
	EndGlobalSection
	GlobalSection(ProjectConfigurationPlatforms) = postSolution
		{6913C53F-DA87-4B5A-9FDF-92D6630F4897}.Debug|Any CPU.ActiveCfg = Debug|Any CPU
		{6913C53F-DA87-4B5A-9FDF-92D6630F4897}.Debug|Any CPU.Build.0 = Debug|Any CPU
		{6913C53F-DA87-4B5A-9FDF-92D6630F4897}.Release|Any CPU.ActiveCfg = Release|Any CPU
		{6913C53F-DA87-4B5A-9FDF-92D6630F4897}.Release|Any CPU.Build.0 = Release|Any CPU
	EndGlobalSection
	GlobalSection(SolutionProperties) = preSolution
		HideSolutionNode = FALSE
	EndGlobalSection
	GlobalSection(ExtensibilityGlobals) = postSolution
		SolutionGuid = {E09A46A2-193C-43D6-B40C-8B7E649034E6}
	EndGlobalSection
EndGlobal
