
Microsoft Visual Studio Solution File, Format Version 12.00
# Visual Studio 15
VisualStudioVersion = 15.0.27703.2035
MinimumVisualStudioVersion = 10.0.40219.1
Project("{FAE04EC0-301F-11D3-BF4B-00C04F79EFBC}") = "params", "params\params.csproj", "{2DFE5E06-6C12-4962-9B34-9EC11F6683AC}"
EndProject
Global
	GlobalSection(SolutionConfigurationPlatforms) = preSolution
		Debug|Any CPU = Debug|Any CPU
		Release|Any CPU = Release|Any CPU
	EndGlobalSection
	GlobalSection(ProjectConfigurationPlatforms) = postSolution
		{2DFE5E06-6C12-4962-9B34-9EC11F6683AC}.Debug|Any CPU.ActiveCfg = Debug|Any CPU
		{2DFE5E06-6C12-4962-9B34-9EC11F6683AC}.Debug|Any CPU.Build.0 = Debug|Any CPU
		{2DFE5E06-6C12-4962-9B34-9EC11F6683AC}.Release|Any CPU.ActiveCfg = Release|Any CPU
		{2DFE5E06-6C12-4962-9B34-9EC11F6683AC}.Release|Any CPU.Build.0 = Release|Any CPU
	EndGlobalSection
	GlobalSection(SolutionProperties) = preSolution
		HideSolutionNode = FALSE
	EndGlobalSection
	GlobalSection(ExtensibilityGlobals) = postSolution
		SolutionGuid = {B445EA3A-2F86-4805-A87E-C0FA82483592}
	EndGlobalSection
EndGlobal
