
Microsoft Visual Studio Solution File, Format Version 12.00
# Visual Studio 15
VisualStudioVersion = 15.0.27703.2035
MinimumVisualStudioVersion = 10.0.40219.1
Project("{FAE04EC0-301F-11D3-BF4B-00C04F79EFBC}") = "thisKeyword", "thisKeyword\thisKeyword.csproj", "{629D03C0-CAE2-41C5-8914-0F5DF0936AC7}"
EndProject
Global
	GlobalSection(SolutionConfigurationPlatforms) = preSolution
		Debug|Any CPU = Debug|Any CPU
		Release|Any CPU = Release|Any CPU
	EndGlobalSection
	GlobalSection(ProjectConfigurationPlatforms) = postSolution
		{629D03C0-CAE2-41C5-8914-0F5DF0936AC7}.Debug|Any CPU.ActiveCfg = Debug|Any CPU
		{629D03C0-CAE2-41C5-8914-0F5DF0936AC7}.Debug|Any CPU.Build.0 = Debug|Any CPU
		{629D03C0-CAE2-41C5-8914-0F5DF0936AC7}.Release|Any CPU.ActiveCfg = Release|Any CPU
		{629D03C0-CAE2-41C5-8914-0F5DF0936AC7}.Release|Any CPU.Build.0 = Release|Any CPU
	EndGlobalSection
	GlobalSection(SolutionProperties) = preSolution
		HideSolutionNode = FALSE
	EndGlobalSection
	GlobalSection(ExtensibilityGlobals) = postSolution
		SolutionGuid = {5880E93F-4BB6-457B-A263-4088A00F584C}
	EndGlobalSection
EndGlobal
