
Microsoft Visual Studio Solution File, Format Version 12.00
# Visual Studio 15
VisualStudioVersion = 15.0.27703.2035
MinimumVisualStudioVersion = 10.0.40219.1
Project("{FAE04EC0-301F-11D3-BF4B-00C04F79EFBC}") = "Variables", "Variables\Variables.csproj", "{3B006B09-128A-403E-AA40-FB86302F79C5}"
EndProject
Global
	GlobalSection(SolutionConfigurationPlatforms) = preSolution
		Debug|Any CPU = Debug|Any CPU
		Release|Any CPU = Release|Any CPU
	EndGlobalSection
	GlobalSection(ProjectConfigurationPlatforms) = postSolution
		{3B006B09-128A-403E-AA40-FB86302F79C5}.Debug|Any CPU.ActiveCfg = Debug|Any CPU
		{3B006B09-128A-403E-AA40-FB86302F79C5}.Debug|Any CPU.Build.0 = Debug|Any CPU
		{3B006B09-128A-403E-AA40-FB86302F79C5}.Release|Any CPU.ActiveCfg = Release|Any CPU
		{3B006B09-128A-403E-AA40-FB86302F79C5}.Release|Any CPU.Build.0 = Release|Any CPU
	EndGlobalSection
	GlobalSection(SolutionProperties) = preSolution
		HideSolutionNode = FALSE
	EndGlobalSection
	GlobalSection(ExtensibilityGlobals) = postSolution
		SolutionGuid = {8551D32E-31FC-44EE-8B75-A9460A956A0A}
	EndGlobalSection
EndGlobal
